
Microsoft Visual Studio Solution File, Format Version 12.00
# Visual Studio Version 17
VisualStudioVersion = 17.0.31903.59
MinimumVisualStudioVersion = 10.0.40219.1
Project("{FAE04EC0-301F-11D3-BF4B-00C04F79EFBC}") = "InteractHub.API", "InteractHub.API\InteractHub.API.csproj", "{265F9C83-B0B1-4FF5-B162-A37CF7EFA32F}"
EndProject
Project("{FAE04EC0-301F-11D3-BF4B-00C04F79EFBC}") = "InteractHub.Application", "InteractHub.Application\InteractHub.Application.csproj", "{B0862683-ED02-4CF2-9DF0-FD1792844853}"
EndProject
Project("{FAE04EC0-301F-11D3-BF4B-00C04F79EFBC}") = "InteractHub.Infrastructure", "InteractHub.Infrastructure\InteractHub.Infrastructure.csproj", "{8D091E71-3304-4F9A-81A2-5A8A9DC72AC6}"
EndProject
Project("{FAE04EC0-301F-11D3-BF4B-00C04F79EFBC}") = "InteractHub.Tests", "InteractHub.Tests\InteractHub.Tests.csproj", "{AF2970C0-30C1-4250-A07A-EEAA70217C10}"
EndProject
Global
	GlobalSection(SolutionConfigurationPlatforms) = preSolution
		Debug|Any CPU = Debug|Any CPU
		Debug|x64 = Debug|x64
		Debug|x86 = Debug|x86
		Release|Any CPU = Release|Any CPU
		Release|x64 = Release|x64
		Release|x86 = Release|x86
	EndGlobalSection
	GlobalSection(ProjectConfigurationPlatforms) = postSolution
		{265F9C83-B0B1-4FF5-B162-A37CF7EFA32F}.Debug|Any CPU.ActiveCfg = Debug|Any CPU
		{265F9C83-B0B1-4FF5-B162-A37CF7EFA32F}.Debug|Any CPU.Build.0 = Debug|Any CPU
		{265F9C83-B0B1-4FF5-B162-A37CF7EFA32F}.Debug|x64.ActiveCfg = Debug|Any CPU
		{265F9C83-B0B1-4FF5-B162-A37CF7EFA32F}.Debug|x64.Build.0 = Debug|Any CPU
		{265F9C83-B0B1-4FF5-B162-A37CF7EFA32F}.Debug|x86.ActiveCfg = Debug|Any CPU
		{265F9C83-B0B1-4FF5-B162-A37CF7EFA32F}.Debug|x86.Build.0 = Debug|Any CPU
		{265F9C83-B0B1-4FF5-B162-A37CF7EFA32F}.Release|Any CPU.ActiveCfg = Release|Any CPU
		{265F9C83-B0B1-4FF5-B162-A37CF7EFA32F}.Release|Any CPU.Build.0 = Release|Any CPU
		{265F9C83-B0B1-4FF5-B162-A37CF7EFA32F}.Release|x64.ActiveCfg = Release|Any CPU
		{265F9C83-B0B1-4FF5-B162-A37CF7EFA32F}.Release|x64.Build.0 = Release|Any CPU
		{265F9C83-B0B1-4FF5-B162-A37CF7EFA32F}.Release|x86.ActiveCfg = Release|Any CPU
		{265F9C83-B0B1-4FF5-B162-A37CF7EFA32F}.Release|x86.Build.0 = Release|Any CPU
		{B0862683-ED02-4CF2-9DF0-FD1792844853}.Debug|Any CPU.ActiveCfg = Debug|Any CPU
		{B0862683-ED02-4CF2-9DF0-FD1792844853}.Debug|Any CPU.Build.0 = Debug|Any CPU
		{B0862683-ED02-4CF2-9DF0-FD1792844853}.Debug|x64.ActiveCfg = Debug|Any CPU
		{B0862683-ED02-4CF2-9DF0-FD1792844853}.Debug|x64.Build.0 = Debug|Any CPU
		{B0862683-ED02-4CF2-9DF0-FD1792844853}.Debug|x86.ActiveCfg = Debug|Any CPU
		{B0862683-ED02-4CF2-9DF0-FD1792844853}.Debug|x86.Build.0 = Debug|Any CPU
		{B0862683-ED02-4CF2-9DF0-FD1792844853}.Release|Any CPU.ActiveCfg = Release|Any CPU
		{B0862683-ED02-4CF2-9DF0-FD1792844853}.Release|Any CPU.Build.0 = Release|Any CPU
		{B0862683-ED02-4CF2-9DF0-FD1792844853}.Release|x64.ActiveCfg = Release|Any CPU
		{B0862683-ED02-4CF2-9DF0-FD1792844853}.Release|x64.Build.0 = Release|Any CPU
		{B0862683-ED02-4CF2-9DF0-FD1792844853}.Release|x86.ActiveCfg = Release|Any CPU
		{B0862683-ED02-4CF2-9DF0-FD1792844853}.Release|x86.Build.0 = Release|Any CPU
		{8D091E71-3304-4F9A-81A2-5A8A9DC72AC6}.Debug|Any CPU.ActiveCfg = Debug|Any CPU
		{8D091E71-3304-4F9A-81A2-5A8A9DC72AC6}.Debug|Any CPU.Build.0 = Debug|Any CPU
		{8D091E71-3304-4F9A-81A2-5A8A9DC72AC6}.Debug|x64.ActiveCfg = Debug|Any CPU
		{8D091E71-3304-4F9A-81A2-5A8A9DC72AC6}.Debug|x64.Build.0 = Debug|Any CPU
		{8D091E71-3304-4F9A-81A2-5A8A9DC72AC6}.Debug|x86.ActiveCfg = Debug|Any CPU
		{8D091E71-3304-4F9A-81A2-5A8A9DC72AC6}.Debug|x86.Build.0 = Debug|Any CPU
		{8D091E71-3304-4F9A-81A2-5A8A9DC72AC6}.Release|Any CPU.ActiveCfg = Release|Any CPU
		{8D091E71-3304-4F9A-81A2-5A8A9DC72AC6}.Release|Any CPU.Build.0 = Release|Any CPU
		{8D091E71-3304-4F9A-81A2-5A8A9DC72AC6}.Release|x64.ActiveCfg = Release|Any CPU
		{8D091E71-3304-4F9A-81A2-5A8A9DC72AC6}.Release|x64.Build.0 = Release|Any CPU
		{8D091E71-3304-4F9A-81A2-5A8A9DC72AC6}.Release|x86.ActiveCfg = Release|Any CPU
		{8D091E71-3304-4F9A-81A2-5A8A9DC72AC6}.Release|x86.Build.0 = Release|Any CPU
		{AF2970C0-30C1-4250-A07A-EEAA70217C10}.Debug|Any CPU.ActiveCfg = Debug|Any CPU
		{AF2970C0-30C1-4250-A07A-EEAA70217C10}.Debug|Any CPU.Build.0 = Debug|Any CPU
		{AF2970C0-30C1-4250-A07A-EEAA70217C10}.Debug|x64.ActiveCfg = Debug|Any CPU
		{AF2970C0-30C1-4250-A07A-EEAA70217C10}.Debug|x64.Build.0 = Debug|Any CPU
		{AF2970C0-30C1-4250-A07A-EEAA70217C10}.Debug|x86.ActiveCfg = Debug|Any CPU
		{AF2970C0-30C1-4250-A07A-EEAA70217C10}.Debug|x86.Build.0 = Debug|Any CPU
		{AF2970C0-30C1-4250-A07A-EEAA70217C10}.Release|Any CPU.ActiveCfg = Release|Any CPU
		{AF2970C0-30C1-4250-A07A-EEAA70217C10}.Release|Any CPU.Build.0 = Release|Any CPU
		{AF2970C0-30C1-4250-A07A-EEAA70217C10}.Release|x64.ActiveCfg = Release|Any CPU
		{AF2970C0-30C1-4250-A07A-EEAA70217C10}.Release|x64.Build.0 = Release|Any CPU
		{AF2970C0-30C1-4250-A07A-EEAA70217C10}.Release|x86.ActiveCfg = Release|Any CPU
		{AF2970C0-30C1-4250-A07A-EEAA70217C10}.Release|x86.Build.0 = Release|Any CPU
	EndGlobalSection
	GlobalSection(SolutionProperties) = preSolution
		HideSolutionNode = FALSE
	EndGlobalSection
EndGlobal
